
Microsoft Visual Studio Solution File, Format Version 12.00
# Visual Studio 15
VisualStudioVersion = 15.0.27004.2010
MinimumVisualStudioVersion = 10.0.40219.1
Project("{FAE04EC0-301F-11D3-BF4B-00C04F79EFBC}") = "StrategyPatternPractice", "StrategyPatternPractice\StrategyPatternPractice.csproj", "{4DDD27D8-600D-4968-B9FC-E73A6405261C}"
EndProject
Global
	GlobalSection(SolutionConfigurationPlatforms) = preSolution
		Debug|Any CPU = Debug|Any CPU
		Release|Any CPU = Release|Any CPU
	EndGlobalSection
	GlobalSection(ProjectConfigurationPlatforms) = postSolution
		{4DDD27D8-600D-4968-B9FC-E73A6405261C}.Debug|Any CPU.ActiveCfg = Debug|Any CPU
		{4DDD27D8-600D-4968-B9FC-E73A6405261C}.Debug|Any CPU.Build.0 = Debug|Any CPU
		{4DDD27D8-600D-4968-B9FC-E73A6405261C}.Release|Any CPU.ActiveCfg = Release|Any CPU
		{4DDD27D8-600D-4968-B9FC-E73A6405261C}.Release|Any CPU.Build.0 = Release|Any CPU
	EndGlobalSection
	GlobalSection(SolutionProperties) = preSolution
		HideSolutionNode = FALSE
	EndGlobalSection
	GlobalSection(ExtensibilityGlobals) = postSolution
		SolutionGuid = {A71AB4F0-6DA2-483A-9AB1-12BBA325D6F1}
	EndGlobalSection
EndGlobal
